
Microsoft Visual Studio Solution File, Format Version 11.00
# Visual Studio 2010
Project("{FAE04EC0-301F-11D3-BF4B-00C04F79EFBC}") = "Assembly-CSharp", "Assembly-CSharp.csproj", "{712294B0-6C07-2F6D-3214-604D480D016B}"
EndProject
Project("{FAE04EC0-301F-11D3-BF4B-00C04F79EFBC}") = "Oculus.VR", "Oculus.VR.csproj", "{421A4857-A1C4-89EF-4F1A-73898772F52E}"
EndProject
Project("{FAE04EC0-301F-11D3-BF4B-00C04F79EFBC}") = "Assembly-CSharp-Editor", "Assembly-CSharp-Editor.csproj", "{65C7131A-221E-C192-A05B-BB0FD9384E1E}"
EndProject
Project("{FAE04EC0-301F-11D3-BF4B-00C04F79EFBC}") = "Oculus.VR.Scripts.Editor", "Oculus.VR.Scripts.Editor.csproj", "{EE93F418-6F52-A27B-2006-2D20654B9EFB}"
EndProject
Project("{FAE04EC0-301F-11D3-BF4B-00C04F79EFBC}") = "Oculus.VR.Editor", "Oculus.VR.Editor.csproj", "{9C927318-AF42-62ED-63C0-43E967126A97}"
EndProject
Global
	GlobalSection(SolutionConfigurationPlatforms) = preSolution
		Debug|Any CPU = Debug|Any CPU
		Release|Any CPU = Release|Any CPU
	EndGlobalSection
	GlobalSection(ProjectConfigurationPlatforms) = postSolution
		{712294B0-6C07-2F6D-3214-604D480D016B}.Debug|Any CPU.ActiveCfg = Debug|Any CPU
		{712294B0-6C07-2F6D-3214-604D480D016B}.Debug|Any CPU.Build.0 = Debug|Any CPU
		{712294B0-6C07-2F6D-3214-604D480D016B}.Release|Any CPU.ActiveCfg = Release|Any CPU
		{712294B0-6C07-2F6D-3214-604D480D016B}.Release|Any CPU.Build.0 = Release|Any CPU
		{421A4857-A1C4-89EF-4F1A-73898772F52E}.Debug|Any CPU.ActiveCfg = Debug|Any CPU
		{421A4857-A1C4-89EF-4F1A-73898772F52E}.Debug|Any CPU.Build.0 = Debug|Any CPU
		{421A4857-A1C4-89EF-4F1A-73898772F52E}.Release|Any CPU.ActiveCfg = Release|Any CPU
		{421A4857-A1C4-89EF-4F1A-73898772F52E}.Release|Any CPU.Build.0 = Release|Any CPU
		{65C7131A-221E-C192-A05B-BB0FD9384E1E}.Debug|Any CPU.ActiveCfg = Debug|Any CPU
		{65C7131A-221E-C192-A05B-BB0FD9384E1E}.Debug|Any CPU.Build.0 = Debug|Any CPU
		{65C7131A-221E-C192-A05B-BB0FD9384E1E}.Release|Any CPU.ActiveCfg = Release|Any CPU
		{65C7131A-221E-C192-A05B-BB0FD9384E1E}.Release|Any CPU.Build.0 = Release|Any CPU
		{EE93F418-6F52-A27B-2006-2D20654B9EFB}.Debug|Any CPU.ActiveCfg = Debug|Any CPU
		{EE93F418-6F52-A27B-2006-2D20654B9EFB}.Debug|Any CPU.Build.0 = Debug|Any CPU
		{EE93F418-6F52-A27B-2006-2D20654B9EFB}.Release|Any CPU.ActiveCfg = Release|Any CPU
		{EE93F418-6F52-A27B-2006-2D20654B9EFB}.Release|Any CPU.Build.0 = Release|Any CPU
		{9C927318-AF42-62ED-63C0-43E967126A97}.Debug|Any CPU.ActiveCfg = Debug|Any CPU
		{9C927318-AF42-62ED-63C0-43E967126A97}.Debug|Any CPU.Build.0 = Debug|Any CPU
		{9C927318-AF42-62ED-63C0-43E967126A97}.Release|Any CPU.ActiveCfg = Release|Any CPU
		{9C927318-AF42-62ED-63C0-43E967126A97}.Release|Any CPU.Build.0 = Release|Any CPU
	EndGlobalSection
	GlobalSection(SolutionProperties) = preSolution
		HideSolutionNode = FALSE
	EndGlobalSection
EndGlobal
